// !$*UTF8*$!
{
	archiveVersion = 1;
	classes = {
	};
	objectVersion = 46;
	objects = {

/* Begin PBXBuildFile section */
		4E080BD41A2A37BD0021D33F /* ProfileViewController.m in Sources */ = {isa = PBXBuildFile; fileRef = 4E080BD31A2A37BD0021D33F /* ProfileViewController.m */; };
		4EA09BD41A28FE9E00D2618B /* main.m in Sources */ = {isa = PBXBuildFile; fileRef = 4EA09BD31A28FE9E00D2618B /* main.m */; };
		4EA09BD71A28FE9E00D2618B /* AppDelegate.m in Sources */ = {isa = PBXBuildFile; fileRef = 4EA09BD61A28FE9E00D2618B /* AppDelegate.m */; };
		4EA09BDF1A28FE9E00D2618B /* Images.xcassets in Resources */ = {isa = PBXBuildFile; fileRef = 4EA09BDE1A28FE9E00D2618B /* Images.xcassets */; };
		4EA09BE21A28FE9E00D2618B /* LaunchScreen.xib in Resources */ = {isa = PBXBuildFile; fileRef = 4EA09BE01A28FE9E00D2618B /* LaunchScreen.xib */; };
		4EA09BEE1A28FE9E00D2618B /* EatSmartTests.m in Sources */ = {isa = PBXBuildFile; fileRef = 4EA09BED1A28FE9E00D2618B /* EatSmartTests.m */; };
		4ECBAB771A2A563E0027F980 /* ServerUrl.m in Sources */ = {isa = PBXBuildFile; fileRef = 4ECBAB761A2A563E0027F980 /* ServerUrl.m */; };
		4ECBAB911A2B065B0027F980 /* MapKit.framework in Frameworks */ = {isa = PBXBuildFile; fileRef = 4ECBAB831A2B065B0027F980 /* MapKit.framework */; };
		4ECBAB921A2B065B0027F980 /* CoreLocation.framework in Frameworks */ = {isa = PBXBuildFile; fileRef = 4ECBAB841A2B065B0027F980 /* CoreLocation.framework */; };
		4ECBAB931A2B065B0027F980 /* CoreMotion.framework in Frameworks */ = {isa = PBXBuildFile; fileRef = 4ECBAB851A2B065B0027F980 /* CoreMotion.framework */; };
		4ECBAB941A2B065B0027F980 /* SystemConfiguration.framework in Frameworks */ = {isa = PBXBuildFile; fileRef = 4ECBAB861A2B065B0027F980 /* SystemConfiguration.framework */; };
		4ECBAB951A2B065B0027F980 /* MobileCoreServices.framework in Frameworks */ = {isa = PBXBuildFile; fileRef = 4ECBAB871A2B065B0027F980 /* MobileCoreServices.framework */; };
		4ECBAB961A2B065B0027F980 /* MessageUI.framework in Frameworks */ = {isa = PBXBuildFile; fileRef = 4ECBAB881A2B065B0027F980 /* MessageUI.framework */; };
		4ECBAB971A2B065B0027F980 /* CoreMedia.framework in Frameworks */ = {isa = PBXBuildFile; fileRef = 4ECBAB891A2B065B0027F980 /* CoreMedia.framework */; };
		4ECBAB981A2B065B0027F980 /* CoreLocation.framework in Frameworks */ = {isa = PBXBuildFile; fileRef = 4ECBAB8A1A2B065B0027F980 /* CoreLocation.framework */; };
		4ECBAB991A2B065B0027F980 /* AVFoundation.framework in Frameworks */ = {isa = PBXBuildFile; fileRef = 4ECBAB8B1A2B065B0027F980 /* AVFoundation.framework */; };
		4ECBAB9A1A2B065B0027F980 /* AudioToolbox.framework in Frameworks */ = {isa = PBXBuildFile; fileRef = 4ECBAB8C1A2B065B0027F980 /* AudioToolbox.framework */; };
		4ECBAB9B1A2B065B0027F980 /* CoreGraphics.framework in Frameworks */ = {isa = PBXBuildFile; fileRef = 4ECBAB8D1A2B065B0027F980 /* CoreGraphics.framework */; };
		4ECBAB9C1A2B065B0027F980 /* UIKit.framework in Frameworks */ = {isa = PBXBuildFile; fileRef = 4ECBAB8E1A2B065B0027F980 /* UIKit.framework */; };
		4ECBAB9E1A2B065B0027F980 /* Foundation.framework in Frameworks */ = {isa = PBXBuildFile; fileRef = 4ECBAB901A2B065B0027F980 /* Foundation.framework */; };
		4ECBABB41A2B13D40027F980 /* libPayPalMobile.a in Frameworks */ = {isa = PBXBuildFile; fileRef = 4ECBABAC1A2B13D40027F980 /* libPayPalMobile.a */; };
		4ECBABB61A2B152D0027F980 /* loginWithPayPal.png in Resources */ = {isa = PBXBuildFile; fileRef = 4ECBABB51A2B152D0027F980 /* loginWithPayPal.png */; };
		518998701A290B77004C71E5 /* MainViewController.m in Sources */ = {isa = PBXBuildFile; fileRef = 5189986F1A290B77004C71E5 /* MainViewController.m */; };
		518998731A290EF1004C71E5 /* Meal.m in Sources */ = {isa = PBXBuildFile; fileRef = 518998721A290EF1004C71E5 /* Meal.m */; };
		518998761A290EF8004C71E5 /* User.m in Sources */ = {isa = PBXBuildFile; fileRef = 518998751A290EF8004C71E5 /* User.m */; };
		518998791A29165F004C71E5 /* HostRating.m in Sources */ = {isa = PBXBuildFile; fileRef = 518998781A29165F004C71E5 /* HostRating.m */; };
		5189987C1A291C1A004C71E5 /* MealTableViewCell.m in Sources */ = {isa = PBXBuildFile; fileRef = 5189987B1A291C1A004C71E5 /* MealTableViewCell.m */; };
		5189987F1A292106004C71E5 /* DataBaseConnection.m in Sources */ = {isa = PBXBuildFile; fileRef = 5189987E1A292106004C71E5 /* DataBaseConnection.m */; };
		518998861A2929AC004C71E5 /* MealDetailViewController.m in Sources */ = {isa = PBXBuildFile; fileRef = 518998851A2929AC004C71E5 /* MealDetailViewController.m */; };
		518998981A2937B8004C71E5 /* AMRatingControl.m in Sources */ = {isa = PBXBuildFile; fileRef = 518998971A2937B8004C71E5 /* AMRatingControl.m */; };
		5189989B1A29A66A004C71E5 /* FRSlider.m in Sources */ = {isa = PBXBuildFile; fileRef = 5189989A1A29A66A004C71E5 /* FRSlider.m */; };
		5189989E1A29A86A004C71E5 /* FilterViewController.m in Sources */ = {isa = PBXBuildFile; fileRef = 5189989D1A29A86A004C71E5 /* FilterViewController.m */; };
		518998A11A29BE41004C71E5 /* CreateNewMealViewController.m in Sources */ = {isa = PBXBuildFile; fileRef = 518998A01A29BE41004C71E5 /* CreateNewMealViewController.m */; };
		518998A41A29C75F004C71E5 /* LocalDataBase.m in Sources */ = {isa = PBXBuildFile; fileRef = 518998A31A29C75F004C71E5 /* LocalDataBase.m */; };
		518998AD1A29E137004C71E5 /* ServerCommunication.m in Sources */ = {isa = PBXBuildFile; fileRef = 518998AC1A29E137004C71E5 /* ServerCommunication.m */; };
		518998B01A29FF17004C71E5 /* MealHeadView.m in Sources */ = {isa = PBXBuildFile; fileRef = 518998AF1A29FF17004C71E5 /* MealHeadView.m */; };
		51B2388A1A2A3B1A0076509E /* PlaceholderProfileImage.png in Resources */ = {isa = PBXBuildFile; fileRef = 51B238891A2A3B1A0076509E /* PlaceholderProfileImage.png */; };
		51B2389E1A2B1BEB0076509E /* MyEventsViewController.m in Sources */ = {isa = PBXBuildFile; fileRef = 51B2389D1A2B1BEB0076509E /* MyEventsViewController.m */; };
		51B238A11A2B234F0076509E /* Review.m in Sources */ = {isa = PBXBuildFile; fileRef = 51B238A01A2B234F0076509E /* Review.m */; };
		51B238A31A2B2A570076509E /* hdm.gpx in Resources */ = {isa = PBXBuildFile; fileRef = 51B238A21A2B2A570076509E /* hdm.gpx */; };
		51CAD7F91A2A0F1A0042FC77 /* MealDetailTableViewCell.m in Sources */ = {isa = PBXBuildFile; fileRef = 51CAD7F81A2A0F1A0042FC77 /* MealDetailTableViewCell.m */; };
		51CAD7FC1A2A12B30042FC77 /* Cook.png in Resources */ = {isa = PBXBuildFile; fileRef = 51CAD7FA1A2A12B30042FC77 /* Cook.png */; };
		51CAD7FD1A2A12B30042FC77 /* Eat.png in Resources */ = {isa = PBXBuildFile; fileRef = 51CAD7FB1A2A12B30042FC77 /* Eat.png */; };
/* End PBXBuildFile section */

/* Begin PBXContainerItemProxy section */
		4EA09BE81A28FE9E00D2618B /* PBXContainerItemProxy */ = {
			isa = PBXContainerItemProxy;
			containerPortal = 4EA09BC61A28FE9E00D2618B /* Project object */;
			proxyType = 1;
			remoteGlobalIDString = 4EA09BCD1A28FE9E00D2618B;
			remoteInfo = EatSmart;
		};
/* End PBXContainerItemProxy section */

/* Begin PBXFileReference section */
		4E080BD21A2A37BD0021D33F /* ProfileViewController.h */ = {isa = PBXFileReference; fileEncoding = 4; lastKnownFileType = sourcecode.c.h; path = ProfileViewController.h; sourceTree = "<group>"; };
		4E080BD31A2A37BD0021D33F /* ProfileViewController.m */ = {isa = PBXFileReference; fileEncoding = 4; lastKnownFileType = sourcecode.c.objc; path = ProfileViewController.m; sourceTree = "<group>"; };
		4EA09BCE1A28FE9E00D2618B /* EatSmart.app */ = {isa = PBXFileReference; explicitFileType = wrapper.application; includeInIndex = 0; path = EatSmart.app; sourceTree = BUILT_PRODUCTS_DIR; };
		4EA09BD21A28FE9E00D2618B /* Info.plist */ = {isa = PBXFileReference; lastKnownFileType = text.plist.xml; path = Info.plist; sourceTree = "<group>"; };
		4EA09BD31A28FE9E00D2618B /* main.m */ = {isa = PBXFileReference; lastKnownFileType = sourcecode.c.objc; path = main.m; sourceTree = "<group>"; };
		4EA09BD51A28FE9E00D2618B /* AppDelegate.h */ = {isa = PBXFileReference; lastKnownFileType = sourcecode.c.h; path = AppDelegate.h; sourceTree = "<group>"; };
		4EA09BD61A28FE9E00D2618B /* AppDelegate.m */ = {isa = PBXFileReference; lastKnownFileType = sourcecode.c.objc; path = AppDelegate.m; sourceTree = "<group>"; };
		4EA09BDE1A28FE9E00D2618B /* Images.xcassets */ = {isa = PBXFileReference; lastKnownFileType = folder.assetcatalog; path = Images.xcassets; sourceTree = "<group>"; };
		4EA09BE11A28FE9E00D2618B /* Base */ = {isa = PBXFileReference; lastKnownFileType = file.xib; name = Base; path = Base.lproj/LaunchScreen.xib; sourceTree = "<group>"; };
		4EA09BE71A28FE9E00D2618B /* EatSmartTests.xctest */ = {isa = PBXFileReference; explicitFileType = wrapper.cfbundle; includeInIndex = 0; path = EatSmartTests.xctest; sourceTree = BUILT_PRODUCTS_DIR; };
		4EA09BEC1A28FE9E00D2618B /* Info.plist */ = {isa = PBXFileReference; lastKnownFileType = text.plist.xml; path = Info.plist; sourceTree = "<group>"; };
		4EA09BED1A28FE9E00D2618B /* EatSmartTests.m */ = {isa = PBXFileReference; lastKnownFileType = sourcecode.c.objc; path = EatSmartTests.m; sourceTree = "<group>"; };
		4ECBAB751A2A563E0027F980 /* ServerUrl.h */ = {isa = PBXFileReference; fileEncoding = 4; lastKnownFileType = sourcecode.c.h; path = ServerUrl.h; sourceTree = "<group>"; };
		4ECBAB761A2A563E0027F980 /* ServerUrl.m */ = {isa = PBXFileReference; fileEncoding = 4; lastKnownFileType = sourcecode.c.objc; path = ServerUrl.m; sourceTree = "<group>"; };
		4ECBAB831A2B065B0027F980 /* MapKit.framework */ = {isa = PBXFileReference; lastKnownFileType = wrapper.framework; name = MapKit.framework; path = System/Library/Frameworks/MapKit.framework; sourceTree = SDKROOT; };
		4ECBAB841A2B065B0027F980 /* CoreLocation.framework */ = {isa = PBXFileReference; lastKnownFileType = wrapper.framework; name = CoreLocation.framework; path = System/Library/Frameworks/CoreLocation.framework; sourceTree = SDKROOT; };
		4ECBAB851A2B065B0027F980 /* CoreMotion.framework */ = {isa = PBXFileReference; lastKnownFileType = wrapper.framework; name = CoreMotion.framework; path = System/Library/Frameworks/CoreMotion.framework; sourceTree = SDKROOT; };
		4ECBAB861A2B065B0027F980 /* SystemConfiguration.framework */ = {isa = PBXFileReference; lastKnownFileType = wrapper.framework; name = SystemConfiguration.framework; path = System/Library/Frameworks/SystemConfiguration.framework; sourceTree = SDKROOT; };
		4ECBAB871A2B065B0027F980 /* MobileCoreServices.framework */ = {isa = PBXFileReference; lastKnownFileType = wrapper.framework; name = MobileCoreServices.framework; path = System/Library/Frameworks/MobileCoreServices.framework; sourceTree = SDKROOT; };
		4ECBAB881A2B065B0027F980 /* MessageUI.framework */ = {isa = PBXFileReference; lastKnownFileType = wrapper.framework; name = MessageUI.framework; path = System/Library/Frameworks/MessageUI.framework; sourceTree = SDKROOT; };
		4ECBAB891A2B065B0027F980 /* CoreMedia.framework */ = {isa = PBXFileReference; lastKnownFileType = wrapper.framework; name = CoreMedia.framework; path = System/Library/Frameworks/CoreMedia.framework; sourceTree = SDKROOT; };
		4ECBAB8A1A2B065B0027F980 /* CoreLocation.framework */ = {isa = PBXFileReference; lastKnownFileType = wrapper.framework; name = CoreLocation.framework; path = System/Library/Frameworks/CoreLocation.framework; sourceTree = SDKROOT; };
		4ECBAB8B1A2B065B0027F980 /* AVFoundation.framework */ = {isa = PBXFileReference; lastKnownFileType = wrapper.framework; name = AVFoundation.framework; path = System/Library/Frameworks/AVFoundation.framework; sourceTree = SDKROOT; };
		4ECBAB8C1A2B065B0027F980 /* AudioToolbox.framework */ = {isa = PBXFileReference; lastKnownFileType = wrapper.framework; name = AudioToolbox.framework; path = System/Library/Frameworks/AudioToolbox.framework; sourceTree = SDKROOT; };
		4ECBAB8D1A2B065B0027F980 /* CoreGraphics.framework */ = {isa = PBXFileReference; lastKnownFileType = wrapper.framework; name = CoreGraphics.framework; path = System/Library/Frameworks/CoreGraphics.framework; sourceTree = SDKROOT; };
		4ECBAB8E1A2B065B0027F980 /* UIKit.framework */ = {isa = PBXFileReference; lastKnownFileType = wrapper.framework; name = UIKit.framework; path = System/Library/Frameworks/UIKit.framework; sourceTree = SDKROOT; };
		4ECBAB901A2B065B0027F980 /* Foundation.framework */ = {isa = PBXFileReference; lastKnownFileType = wrapper.framework; name = Foundation.framework; path = System/Library/Frameworks/Foundation.framework; sourceTree = SDKROOT; };
		4ECBABA61A2B13D40027F980 /* CardIO.h */ = {isa = PBXFileReference; fileEncoding = 4; lastKnownFileType = sourcecode.c.h; path = CardIO.h; sourceTree = "<group>"; };
		4ECBABA71A2B13D40027F980 /* CardIOCreditCardInfo.h */ = {isa = PBXFileReference; fileEncoding = 4; lastKnownFileType = sourcecode.c.h; path = CardIOCreditCardInfo.h; sourceTree = "<group>"; };
		4ECBABA81A2B13D40027F980 /* CardIOPaymentViewController.h */ = {isa = PBXFileReference; fileEncoding = 4; lastKnownFileType = sourcecode.c.h; path = CardIOPaymentViewController.h; sourceTree = "<group>"; };
		4ECBABA91A2B13D40027F980 /* CardIOPaymentViewControllerDelegate.h */ = {isa = PBXFileReference; fileEncoding = 4; lastKnownFileType = sourcecode.c.h; path = CardIOPaymentViewControllerDelegate.h; sourceTree = "<group>"; };
		4ECBABAA1A2B13D40027F980 /* CardIOView.h */ = {isa = PBXFileReference; fileEncoding = 4; lastKnownFileType = sourcecode.c.h; path = CardIOView.h; sourceTree = "<group>"; };
		4ECBABAB1A2B13D40027F980 /* CardIOViewDelegate.h */ = {isa = PBXFileReference; fileEncoding = 4; lastKnownFileType = sourcecode.c.h; path = CardIOViewDelegate.h; sourceTree = "<group>"; };
		4ECBABAC1A2B13D40027F980 /* libPayPalMobile.a */ = {isa = PBXFileReference; lastKnownFileType = archive.ar; path = libPayPalMobile.a; sourceTree = "<group>"; };
		4ECBABAD1A2B13D40027F980 /* PayPalConfiguration.h */ = {isa = PBXFileReference; fileEncoding = 4; lastKnownFileType = sourcecode.c.h; path = PayPalConfiguration.h; sourceTree = "<group>"; };
		4ECBABAE1A2B13D40027F980 /* PayPalFuturePaymentViewController.h */ = {isa = PBXFileReference; fileEncoding = 4; lastKnownFileType = sourcecode.c.h; path = PayPalFuturePaymentViewController.h; sourceTree = "<group>"; };
		4ECBABAF1A2B13D40027F980 /* PayPalMobile.h */ = {isa = PBXFileReference; fileEncoding = 4; lastKnownFileType = sourcecode.c.h; path = PayPalMobile.h; sourceTree = "<group>"; };
		4ECBABB01A2B13D40027F980 /* PayPalOAuthScopes.h */ = {isa = PBXFileReference; fileEncoding = 4; lastKnownFileType = sourcecode.c.h; path = PayPalOAuthScopes.h; sourceTree = "<group>"; };
		4ECBABB11A2B13D40027F980 /* PayPalPayment.h */ = {isa = PBXFileReference; fileEncoding = 4; lastKnownFileType = sourcecode.c.h; path = PayPalPayment.h; sourceTree = "<group>"; };
		4ECBABB21A2B13D40027F980 /* PayPalPaymentViewController.h */ = {isa = PBXFileReference; fileEncoding = 4; lastKnownFileType = sourcecode.c.h; path = PayPalPaymentViewController.h; sourceTree = "<group>"; };
		4ECBABB31A2B13D40027F980 /* PayPalProfileSharingViewController.h */ = {isa = PBXFileReference; fileEncoding = 4; lastKnownFileType = sourcecode.c.h; path = PayPalProfileSharingViewController.h; sourceTree = "<group>"; };
		4ECBABB51A2B152D0027F980 /* loginWithPayPal.png */ = {isa = PBXFileReference; lastKnownFileType = image.png; path = loginWithPayPal.png; sourceTree = "<group>"; };
		5189986E1A290B77004C71E5 /* MainViewController.h */ = {isa = PBXFileReference; fileEncoding = 4; lastKnownFileType = sourcecode.c.h; name = MainViewController.h; path = ../MainViewController.h; sourceTree = "<group>"; };
		5189986F1A290B77004C71E5 /* MainViewController.m */ = {isa = PBXFileReference; fileEncoding = 4; lastKnownFileType = sourcecode.c.objc; name = MainViewController.m; path = ../MainViewController.m; sourceTree = "<group>"; };
		518998711A290EF1004C71E5 /* Meal.h */ = {isa = PBXFileReference; fileEncoding = 4; lastKnownFileType = sourcecode.c.h; path = Meal.h; sourceTree = "<group>"; };
		518998721A290EF1004C71E5 /* Meal.m */ = {isa = PBXFileReference; fileEncoding = 4; lastKnownFileType = sourcecode.c.objc; path = Meal.m; sourceTree = "<group>"; };
		518998741A290EF8004C71E5 /* User.h */ = {isa = PBXFileReference; fileEncoding = 4; lastKnownFileType = sourcecode.c.h; path = User.h; sourceTree = "<group>"; };
		518998751A290EF8004C71E5 /* User.m */ = {isa = PBXFileReference; fileEncoding = 4; lastKnownFileType = sourcecode.c.objc; path = User.m; sourceTree = "<group>"; };
		518998771A29165F004C71E5 /* HostRating.h */ = {isa = PBXFileReference; fileEncoding = 4; lastKnownFileType = sourcecode.c.h; path = HostRating.h; sourceTree = "<group>"; };
		518998781A29165F004C71E5 /* HostRating.m */ = {isa = PBXFileReference; fileEncoding = 4; lastKnownFileType = sourcecode.c.objc; path = HostRating.m; sourceTree = "<group>"; };
		5189987A1A291C1A004C71E5 /* MealTableViewCell.h */ = {isa = PBXFileReference; fileEncoding = 4; lastKnownFileType = sourcecode.c.h; path = MealTableViewCell.h; sourceTree = "<group>"; };
		5189987B1A291C1A004C71E5 /* MealTableViewCell.m */ = {isa = PBXFileReference; fileEncoding = 4; lastKnownFileType = sourcecode.c.objc; path = MealTableViewCell.m; sourceTree = "<group>"; };
		5189987D1A292106004C71E5 /* DataBaseConnection.h */ = {isa = PBXFileReference; fileEncoding = 4; lastKnownFileType = sourcecode.c.h; path = DataBaseConnection.h; sourceTree = "<group>"; };
		5189987E1A292106004C71E5 /* DataBaseConnection.m */ = {isa = PBXFileReference; fileEncoding = 4; lastKnownFileType = sourcecode.c.objc; path = DataBaseConnection.m; sourceTree = "<group>"; };
		518998841A2929AC004C71E5 /* MealDetailViewController.h */ = {isa = PBXFileReference; fileEncoding = 4; lastKnownFileType = sourcecode.c.h; path = MealDetailViewController.h; sourceTree = "<group>"; };
		518998851A2929AC004C71E5 /* MealDetailViewController.m */ = {isa = PBXFileReference; fileEncoding = 4; lastKnownFileType = sourcecode.c.objc; path = MealDetailViewController.m; sourceTree = "<group>"; };
		518998961A2937B8004C71E5 /* AMRatingControl.h */ = {isa = PBXFileReference; fileEncoding = 4; lastKnownFileType = sourcecode.c.h; path = AMRatingControl.h; sourceTree = "<group>"; };
		518998971A2937B8004C71E5 /* AMRatingControl.m */ = {isa = PBXFileReference; fileEncoding = 4; lastKnownFileType = sourcecode.c.objc; path = AMRatingControl.m; sourceTree = "<group>"; };
		518998991A29A66A004C71E5 /* FRSlider.h */ = {isa = PBXFileReference; fileEncoding = 4; lastKnownFileType = sourcecode.c.h; path = FRSlider.h; sourceTree = "<group>"; };
		5189989A1A29A66A004C71E5 /* FRSlider.m */ = {isa = PBXFileReference; fileEncoding = 4; lastKnownFileType = sourcecode.c.objc; path = FRSlider.m; sourceTree = "<group>"; };
		5189989C1A29A86A004C71E5 /* FilterViewController.h */ = {isa = PBXFileReference; fileEncoding = 4; lastKnownFileType = sourcecode.c.h; path = FilterViewController.h; sourceTree = "<group>"; };
		5189989D1A29A86A004C71E5 /* FilterViewController.m */ = {isa = PBXFileReference; fileEncoding = 4; lastKnownFileType = sourcecode.c.objc; path = FilterViewController.m; sourceTree = "<group>"; };
		5189989F1A29BE41004C71E5 /* CreateNewMealViewController.h */ = {isa = PBXFileReference; fileEncoding = 4; lastKnownFileType = sourcecode.c.h; path = CreateNewMealViewController.h; sourceTree = "<group>"; };
		518998A01A29BE41004C71E5 /* CreateNewMealViewController.m */ = {isa = PBXFileReference; fileEncoding = 4; lastKnownFileType = sourcecode.c.objc; path = CreateNewMealViewController.m; sourceTree = "<group>"; };
		518998A21A29C75F004C71E5 /* LocalDataBase.h */ = {isa = PBXFileReference; fileEncoding = 4; lastKnownFileType = sourcecode.c.h; path = LocalDataBase.h; sourceTree = "<group>"; };
		518998A31A29C75F004C71E5 /* LocalDataBase.m */ = {isa = PBXFileReference; fileEncoding = 4; lastKnownFileType = sourcecode.c.objc; path = LocalDataBase.m; sourceTree = "<group>"; };
		518998AB1A29E137004C71E5 /* ServerCommunication.h */ = {isa = PBXFileReference; fileEncoding = 4; lastKnownFileType = sourcecode.c.h; path = ServerCommunication.h; sourceTree = "<group>"; };
		518998AC1A29E137004C71E5 /* ServerCommunication.m */ = {isa = PBXFileReference; fileEncoding = 4; lastKnownFileType = sourcecode.c.objc; path = ServerCommunication.m; sourceTree = "<group>"; };
		518998AE1A29FF17004C71E5 /* MealHeadView.h */ = {isa = PBXFileReference; fileEncoding = 4; lastKnownFileType = sourcecode.c.h; path = MealHeadView.h; sourceTree = "<group>"; };
		518998AF1A29FF17004C71E5 /* MealHeadView.m */ = {isa = PBXFileReference; fileEncoding = 4; lastKnownFileType = sourcecode.c.objc; path = MealHeadView.m; sourceTree = "<group>"; };
		51B238891A2A3B1A0076509E /* PlaceholderProfileImage.png */ = {isa = PBXFileReference; lastKnownFileType = image.png; path = PlaceholderProfileImage.png; sourceTree = "<group>"; };
		51B2389C1A2B1BEB0076509E /* MyEventsViewController.h */ = {isa = PBXFileReference; fileEncoding = 4; lastKnownFileType = sourcecode.c.h; path = MyEventsViewController.h; sourceTree = "<group>"; };
		51B2389D1A2B1BEB0076509E /* MyEventsViewController.m */ = {isa = PBXFileReference; fileEncoding = 4; lastKnownFileType = sourcecode.c.objc; path = MyEventsViewController.m; sourceTree = "<group>"; };
		51B2389F1A2B234F0076509E /* Review.h */ = {isa = PBXFileReference; fileEncoding = 4; lastKnownFileType = sourcecode.c.h; path = Review.h; sourceTree = "<group>"; };
		51B238A01A2B234F0076509E /* Review.m */ = {isa = PBXFileReference; fileEncoding = 4; lastKnownFileType = sourcecode.c.objc; path = Review.m; sourceTree = "<group>"; };
		51B238A21A2B2A570076509E /* hdm.gpx */ = {isa = PBXFileReference; fileEncoding = 4; lastKnownFileType = text.xml; name = hdm.gpx; path = EatSmart/hdm.gpx; sourceTree = "<group>"; };
		51CAD7F71A2A0F1A0042FC77 /* MealDetailTableViewCell.h */ = {isa = PBXFileReference; fileEncoding = 4; lastKnownFileType = sourcecode.c.h; path = MealDetailTableViewCell.h; sourceTree = "<group>"; };
		51CAD7F81A2A0F1A0042FC77 /* MealDetailTableViewCell.m */ = {isa = PBXFileReference; fileEncoding = 4; lastKnownFileType = sourcecode.c.objc; path = MealDetailTableViewCell.m; sourceTree = "<group>"; };
		51CAD7FA1A2A12B30042FC77 /* Cook.png */ = {isa = PBXFileReference; lastKnownFileType = image.png; path = Cook.png; sourceTree = "<group>"; };
		51CAD7FB1A2A12B30042FC77 /* Eat.png */ = {isa = PBXFileReference; lastKnownFileType = image.png; path = Eat.png; sourceTree = "<group>"; };
/* End PBXFileReference section */

/* Begin PBXFrameworksBuildPhase section */
		4EA09BCB1A28FE9E00D2618B /* Frameworks */ = {
			isa = PBXFrameworksBuildPhase;
			buildActionMask = 2147483647;
			files = (
				4ECBAB9B1A2B065B0027F980 /* CoreGraphics.framework in Frameworks */,
				4ECBAB971A2B065B0027F980 /* CoreMedia.framework in Frameworks */,
				4ECBAB961A2B065B0027F980 /* MessageUI.framework in Frameworks */,
				4ECBAB991A2B065B0027F980 /* AVFoundation.framework in Frameworks */,
				4ECBABB41A2B13D40027F980 /* libPayPalMobile.a in Frameworks */,
				4ECBAB9A1A2B065B0027F980 /* AudioToolbox.framework in Frameworks */,
				4ECBAB921A2B065B0027F980 /* CoreLocation.framework in Frameworks */,
				4ECBAB981A2B065B0027F980 /* CoreLocation.framework in Frameworks */,
				4ECBAB941A2B065B0027F980 /* SystemConfiguration.framework in Frameworks */,
				4ECBAB9C1A2B065B0027F980 /* UIKit.framework in Frameworks */,
				4ECBAB9E1A2B065B0027F980 /* Foundation.framework in Frameworks */,
				4ECBAB911A2B065B0027F980 /* MapKit.framework in Frameworks */,
				4ECBAB951A2B065B0027F980 /* MobileCoreServices.framework in Frameworks */,
				4ECBAB931A2B065B0027F980 /* CoreMotion.framework in Frameworks */,
			);
			runOnlyForDeploymentPostprocessing = 0;
		};
		4EA09BE41A28FE9E00D2618B /* Frameworks */ = {
			isa = PBXFrameworksBuildPhase;
			buildActionMask = 2147483647;
			files = (
			);
			runOnlyForDeploymentPostprocessing = 0;
		};
/* End PBXFrameworksBuildPhase section */

/* Begin PBXGroup section */
		4EA09BC51A28FE9E00D2618B = {
			isa = PBXGroup;
			children = (
				51B238A21A2B2A570076509E /* hdm.gpx */,
				4EA09BD01A28FE9E00D2618B /* EatSmart */,
				4EA09BEA1A28FE9E00D2618B /* EatSmartTests */,
				4EA09BCF1A28FE9E00D2618B /* Products */,
			);
			sourceTree = "<group>";
		};
		4EA09BCF1A28FE9E00D2618B /* Products */ = {
			isa = PBXGroup;
			children = (
				4EA09BCE1A28FE9E00D2618B /* EatSmart.app */,
				4EA09BE71A28FE9E00D2618B /* EatSmartTests.xctest */,
			);
			name = Products;
			sourceTree = "<group>";
		};
		4EA09BD01A28FE9E00D2618B /* EatSmart */ = {
			isa = PBXGroup;
			children = (
				4ECBAB821A2B06440027F980 /* frameworks */,
				51CAD7FA1A2A12B30042FC77 /* Cook.png */,
				4ECBABB51A2B152D0027F980 /* loginWithPayPal.png */,
				51CAD7FB1A2A12B30042FC77 /* Eat.png */,
				51B238891A2A3B1A0076509E /* PlaceholderProfileImage.png */,
				4ECBABA51A2B13D40027F980 /* PayPalMobile */,
				4EA09BD51A28FE9E00D2618B /* AppDelegate.h */,
				4EA09BD61A28FE9E00D2618B /* AppDelegate.m */,
				4ECBAB751A2A563E0027F980 /* ServerUrl.h */,
				4ECBAB761A2A563E0027F980 /* ServerUrl.m */,
				4E080BD21A2A37BD0021D33F /* ProfileViewController.h */,
				4E080BD31A2A37BD0021D33F /* ProfileViewController.m */,
				5189986E1A290B77004C71E5 /* MainViewController.h */,
				5189986F1A290B77004C71E5 /* MainViewController.m */,
				5189987A1A291C1A004C71E5 /* MealTableViewCell.h */,
				5189987B1A291C1A004C71E5 /* MealTableViewCell.m */,
				518998841A2929AC004C71E5 /* MealDetailViewController.h */,
				518998851A2929AC004C71E5 /* MealDetailViewController.m */,
				51B2389F1A2B234F0076509E /* Review.h */,
				51B238A01A2B234F0076509E /* Review.m */,
				51B2389C1A2B1BEB0076509E /* MyEventsViewController.h */,
				51B2389D1A2B1BEB0076509E /* MyEventsViewController.m */,
				518998AE1A29FF17004C71E5 /* MealHeadView.h */,
				518998AF1A29FF17004C71E5 /* MealHeadView.m */,
				51CAD7F71A2A0F1A0042FC77 /* MealDetailTableViewCell.h */,
				51CAD7F81A2A0F1A0042FC77 /* MealDetailTableViewCell.m */,
				5189989F1A29BE41004C71E5 /* CreateNewMealViewController.h */,
				518998A01A29BE41004C71E5 /* CreateNewMealViewController.m */,
				5189989C1A29A86A004C71E5 /* FilterViewController.h */,
				5189989D1A29A86A004C71E5 /* FilterViewController.m */,
				518998711A290EF1004C71E5 /* Meal.h */,
				518998721A290EF1004C71E5 /* Meal.m */,
				518998741A290EF8004C71E5 /* User.h */,
				518998751A290EF8004C71E5 /* User.m */,
				518998771A29165F004C71E5 /* HostRating.h */,
				518998781A29165F004C71E5 /* HostRating.m */,
				5189987D1A292106004C71E5 /* DataBaseConnection.h */,
				5189987E1A292106004C71E5 /* DataBaseConnection.m */,
				518998A21A29C75F004C71E5 /* LocalDataBase.h */,
				518998A31A29C75F004C71E5 /* LocalDataBase.m */,
				518998961A2937B8004C71E5 /* AMRatingControl.h */,
				518998971A2937B8004C71E5 /* AMRatingControl.m */,
				518998991A29A66A004C71E5 /* FRSlider.h */,
				5189989A1A29A66A004C71E5 /* FRSlider.m */,
				518998AB1A29E137004C71E5 /* ServerCommunication.h */,
				518998AC1A29E137004C71E5 /* ServerCommunication.m */,
				4EA09BDE1A28FE9E00D2618B /* Images.xcassets */,
				4EA09BE01A28FE9E00D2618B /* LaunchScreen.xib */,
				4EA09BD11A28FE9E00D2618B /* Supporting Files */,
			);
			path = EatSmart;
			sourceTree = "<group>";
		};
		4EA09BD11A28FE9E00D2618B /* Supporting Files */ = {
			isa = PBXGroup;
			children = (
				4EA09BD21A28FE9E00D2618B /* Info.plist */,
				4EA09BD31A28FE9E00D2618B /* main.m */,
			);
			name = "Supporting Files";
			sourceTree = "<group>";
		};
		4EA09BEA1A28FE9E00D2618B /* EatSmartTests */ = {
			isa = PBXGroup;
			children = (
				4EA09BED1A28FE9E00D2618B /* EatSmartTests.m */,
				4EA09BEB1A28FE9E00D2618B /* Supporting Files */,
			);
			path = EatSmartTests;
			sourceTree = "<group>";
		};
		4EA09BEB1A28FE9E00D2618B /* Supporting Files */ = {
			isa = PBXGroup;
			children = (
				4EA09BEC1A28FE9E00D2618B /* Info.plist */,
			);
			name = "Supporting Files";
			sourceTree = "<group>";
		};
		4ECBAB821A2B06440027F980 /* frameworks */ = {
			isa = PBXGroup;
			children = (
				4ECBAB831A2B065B0027F980 /* MapKit.framework */,
				4ECBAB841A2B065B0027F980 /* CoreLocation.framework */,
				4ECBAB851A2B065B0027F980 /* CoreMotion.framework */,
				4ECBAB861A2B065B0027F980 /* SystemConfiguration.framework */,
				4ECBAB871A2B065B0027F980 /* MobileCoreServices.framework */,
				4ECBAB881A2B065B0027F980 /* MessageUI.framework */,
				4ECBAB891A2B065B0027F980 /* CoreMedia.framework */,
				4ECBAB8A1A2B065B0027F980 /* CoreLocation.framework */,
				4ECBAB8B1A2B065B0027F980 /* AVFoundation.framework */,
				4ECBAB8C1A2B065B0027F980 /* AudioToolbox.framework */,
				4ECBAB8D1A2B065B0027F980 /* CoreGraphics.framework */,
				4ECBAB8E1A2B065B0027F980 /* UIKit.framework */,
				4ECBAB901A2B065B0027F980 /* Foundation.framework */,
			);
			name = frameworks;
			sourceTree = "<group>";
		};
		4ECBABA51A2B13D40027F980 /* PayPalMobile */ = {
			isa = PBXGroup;
			children = (
				4ECBABA61A2B13D40027F980 /* CardIO.h */,
				4ECBABA71A2B13D40027F980 /* CardIOCreditCardInfo.h */,
				4ECBABA81A2B13D40027F980 /* CardIOPaymentViewController.h */,
				4ECBABA91A2B13D40027F980 /* CardIOPaymentViewControllerDelegate.h */,
				4ECBABAA1A2B13D40027F980 /* CardIOView.h */,
				4ECBABAB1A2B13D40027F980 /* CardIOViewDelegate.h */,
				4ECBABAC1A2B13D40027F980 /* libPayPalMobile.a */,
				4ECBABAD1A2B13D40027F980 /* PayPalConfiguration.h */,
				4ECBABAE1A2B13D40027F980 /* PayPalFuturePaymentViewController.h */,
				4ECBABAF1A2B13D40027F980 /* PayPalMobile.h */,
				4ECBABB01A2B13D40027F980 /* PayPalOAuthScopes.h */,
				4ECBABB11A2B13D40027F980 /* PayPalPayment.h */,
				4ECBABB21A2B13D40027F980 /* PayPalPaymentViewController.h */,
				4ECBABB31A2B13D40027F980 /* PayPalProfileSharingViewController.h */,
			);
			path = PayPalMobile;
			sourceTree = "<group>";
		};
/* End PBXGroup section */

/* Begin PBXNativeTarget section */
		4EA09BCD1A28FE9E00D2618B /* EatSmart */ = {
			isa = PBXNativeTarget;
			buildConfigurationList = 4EA09BF11A28FE9E00D2618B /* Build configuration list for PBXNativeTarget "EatSmart" */;
			buildPhases = (
				4EA09BCA1A28FE9E00D2618B /* Sources */,
				4EA09BCB1A28FE9E00D2618B /* Frameworks */,
				4EA09BCC1A28FE9E00D2618B /* Resources */,
			);
			buildRules = (
			);
			dependencies = (
			);
			name = EatSmart;
			productName = EatSmart;
			productReference = 4EA09BCE1A28FE9E00D2618B /* EatSmart.app */;
			productType = "com.apple.product-type.application";
		};
		4EA09BE61A28FE9E00D2618B /* EatSmartTests */ = {
			isa = PBXNativeTarget;
			buildConfigurationList = 4EA09BF41A28FE9E00D2618B /* Build configuration list for PBXNativeTarget "EatSmartTests" */;
			buildPhases = (
				4EA09BE31A28FE9E00D2618B /* Sources */,
				4EA09BE41A28FE9E00D2618B /* Frameworks */,
				4EA09BE51A28FE9E00D2618B /* Resources */,
			);
			buildRules = (
			);
			dependencies = (
				4EA09BE91A28FE9E00D2618B /* PBXTargetDependency */,
			);
			name = EatSmartTests;
			productName = EatSmartTests;
			productReference = 4EA09BE71A28FE9E00D2618B /* EatSmartTests.xctest */;
			productType = "com.apple.product-type.bundle.unit-test";
		};
/* End PBXNativeTarget section */

/* Begin PBXProject section */
		4EA09BC61A28FE9E00D2618B /* Project object */ = {
			isa = PBXProject;
			attributes = {
				LastUpgradeCheck = 0610;
				ORGANIZATIONNAME = "Larissa Laich";
				TargetAttributes = {
					4EA09BCD1A28FE9E00D2618B = {
						CreatedOnToolsVersion = 6.1;
						SystemCapabilities = {
							com.apple.Maps.iOS = {
								enabled = 0;
							};
						};
					};
					4EA09BE61A28FE9E00D2618B = {
						CreatedOnToolsVersion = 6.1;
						TestTargetID = 4EA09BCD1A28FE9E00D2618B;
					};
				};
			};
			buildConfigurationList = 4EA09BC91A28FE9E00D2618B /* Build configuration list for PBXProject "EatSmart" */;
			compatibilityVersion = "Xcode 3.2";
			developmentRegion = English;
			hasScannedForEncodings = 0;
			knownRegions = (
				en,
				Base,
			);
			mainGroup = 4EA09BC51A28FE9E00D2618B;
			productRefGroup = 4EA09BCF1A28FE9E00D2618B /* Products */;
			projectDirPath = "";
			projectRoot = "";
			targets = (
				4EA09BCD1A28FE9E00D2618B /* EatSmart */,
				4EA09BE61A28FE9E00D2618B /* EatSmartTests */,
			);
		};
/* End PBXProject section */

/* Begin PBXResourcesBuildPhase section */
		4EA09BCC1A28FE9E00D2618B /* Resources */ = {
			isa = PBXResourcesBuildPhase;
			buildActionMask = 2147483647;
			files = (
				51CAD7FD1A2A12B30042FC77 /* Eat.png in Resources */,
				4EA09BE21A28FE9E00D2618B /* LaunchScreen.xib in Resources */,
				4EA09BDF1A28FE9E00D2618B /* Images.xcassets in Resources */,
				51CAD7FC1A2A12B30042FC77 /* Cook.png in Resources */,
				4ECBABB61A2B152D0027F980 /* loginWithPayPal.png in Resources */,
				51B2388A1A2A3B1A0076509E /* PlaceholderProfileImage.png in Resources */,
				51B238A31A2B2A570076509E /* hdm.gpx in Resources */,
			);
			runOnlyForDeploymentPostprocessing = 0;
		};
		4EA09BE51A28FE9E00D2618B /* Resources */ = {
			isa = PBXResourcesBuildPhase;
			buildActionMask = 2147483647;
			files = (
			);
			runOnlyForDeploymentPostprocessing = 0;
		};
/* End PBXResourcesBuildPhase section */

/* Begin PBXSourcesBuildPhase section */
		4EA09BCA1A28FE9E00D2618B /* Sources */ = {
			isa = PBXSourcesBuildPhase;
			buildActionMask = 2147483647;
			files = (
				518998A11A29BE41004C71E5 /* CreateNewMealViewController.m in Sources */,
				5189989B1A29A66A004C71E5 /* FRSlider.m in Sources */,
				518998A41A29C75F004C71E5 /* LocalDataBase.m in Sources */,
				518998861A2929AC004C71E5 /* MealDetailViewController.m in Sources */,
				518998761A290EF8004C71E5 /* User.m in Sources */,
				51B238A11A2B234F0076509E /* Review.m in Sources */,
				518998731A290EF1004C71E5 /* Meal.m in Sources */,
				4EA09BD71A28FE9E00D2618B /* AppDelegate.m in Sources */,
				518998B01A29FF17004C71E5 /* MealHeadView.m in Sources */,
				5189987C1A291C1A004C71E5 /* MealTableViewCell.m in Sources */,
				5189987F1A292106004C71E5 /* DataBaseConnection.m in Sources */,
				4E080BD41A2A37BD0021D33F /* ProfileViewController.m in Sources */,
				51CAD7F91A2A0F1A0042FC77 /* MealDetailTableViewCell.m in Sources */,
				4ECBAB771A2A563E0027F980 /* ServerUrl.m in Sources */,
				518998701A290B77004C71E5 /* MainViewController.m in Sources */,
				518998981A2937B8004C71E5 /* AMRatingControl.m in Sources */,
				518998791A29165F004C71E5 /* HostRating.m in Sources */,
				518998AD1A29E137004C71E5 /* ServerCommunication.m in Sources */,
				51B2389E1A2B1BEB0076509E /* MyEventsViewController.m in Sources */,
				5189989E1A29A86A004C71E5 /* FilterViewController.m in Sources */,
				4EA09BD41A28FE9E00D2618B /* main.m in Sources */,
			);
			runOnlyForDeploymentPostprocessing = 0;
		};
		4EA09BE31A28FE9E00D2618B /* Sources */ = {
			isa = PBXSourcesBuildPhase;
			buildActionMask = 2147483647;
			files = (
				4EA09BEE1A28FE9E00D2618B /* EatSmartTests.m in Sources */,
			);
			runOnlyForDeploymentPostprocessing = 0;
		};
/* End PBXSourcesBuildPhase section */

/* Begin PBXTargetDependency section */
		4EA09BE91A28FE9E00D2618B /* PBXTargetDependency */ = {
			isa = PBXTargetDependency;
			target = 4EA09BCD1A28FE9E00D2618B /* EatSmart */;
			targetProxy = 4EA09BE81A28FE9E00D2618B /* PBXContainerItemProxy */;
		};
/* End PBXTargetDependency section */

/* Begin PBXVariantGroup section */
		4EA09BE01A28FE9E00D2618B /* LaunchScreen.xib */ = {
			isa = PBXVariantGroup;
			children = (
				4EA09BE11A28FE9E00D2618B /* Base */,
			);
			name = LaunchScreen.xib;
			sourceTree = "<group>";
		};
/* End PBXVariantGroup section */

/* Begin XCBuildConfiguration section */
		4EA09BEF1A28FE9E00D2618B /* Debug */ = {
			isa = XCBuildConfiguration;
			buildSettings = {
				ALWAYS_SEARCH_USER_PATHS = NO;
				CLANG_CXX_LANGUAGE_STANDARD = "gnu++0x";
				CLANG_CXX_LIBRARY = "libc++";
				CLANG_ENABLE_MODULES = YES;
				CLANG_ENABLE_OBJC_ARC = YES;
				CLANG_WARN_BOOL_CONVERSION = YES;
				CLANG_WARN_CONSTANT_CONVERSION = YES;
				CLANG_WARN_DIRECT_OBJC_ISA_USAGE = YES_ERROR;
				CLANG_WARN_EMPTY_BODY = YES;
				CLANG_WARN_ENUM_CONVERSION = YES;
				CLANG_WARN_INT_CONVERSION = YES;
				CLANG_WARN_OBJC_ROOT_CLASS = YES_ERROR;
				CLANG_WARN_UNREACHABLE_CODE = YES;
				CLANG_WARN__DUPLICATE_METHOD_MATCH = YES;
				"CODE_SIGN_IDENTITY[sdk=iphoneos*]" = "iPhone Developer";
				COPY_PHASE_STRIP = NO;
				ENABLE_STRICT_OBJC_MSGSEND = YES;
				GCC_C_LANGUAGE_STANDARD = gnu99;
				GCC_DYNAMIC_NO_PIC = NO;
				GCC_OPTIMIZATION_LEVEL = 0;
				GCC_PREPROCESSOR_DEFINITIONS = (
					"DEBUG=1",
					"$(inherited)",
				);
				GCC_SYMBOLS_PRIVATE_EXTERN = NO;
				GCC_WARN_64_TO_32_BIT_CONVERSION = YES;
				GCC_WARN_ABOUT_RETURN_TYPE = YES_ERROR;
				GCC_WARN_UNDECLARED_SELECTOR = YES;
				GCC_WARN_UNINITIALIZED_AUTOS = YES_AGGRESSIVE;
				GCC_WARN_UNUSED_FUNCTION = YES;
				GCC_WARN_UNUSED_VARIABLE = YES;
				IPHONEOS_DEPLOYMENT_TARGET = 8.1;
				MTL_ENABLE_DEBUG_INFO = YES;
				ONLY_ACTIVE_ARCH = YES;
				SDKROOT = iphoneos;
			};
			name = Debug;
		};
		4EA09BF01A28FE9E00D2618B /* Release */ = {
			isa = XCBuildConfiguration;
			buildSettings = {
				ALWAYS_SEARCH_USER_PATHS = NO;
				CLANG_CXX_LANGUAGE_STANDARD = "gnu++0x";
				CLANG_CXX_LIBRARY = "libc++";
				CLANG_ENABLE_MODULES = YES;
				CLANG_ENABLE_OBJC_ARC = YES;
				CLANG_WARN_BOOL_CONVERSION = YES;
				CLANG_WARN_CONSTANT_CONVERSION = YES;
				CLANG_WARN_DIRECT_OBJC_ISA_USAGE = YES_ERROR;
				CLANG_WARN_EMPTY_BODY = YES;
				CLANG_WARN_ENUM_CONVERSION = YES;
				CLANG_WARN_INT_CONVERSION = YES;
				CLANG_WARN_OBJC_ROOT_CLASS = YES_ERROR;
				CLANG_WARN_UNREACHABLE_CODE = YES;
				CLANG_WARN__DUPLICATE_METHOD_MATCH = YES;
				"CODE_SIGN_IDENTITY[sdk=iphoneos*]" = "iPhone Developer";
				COPY_PHASE_STRIP = YES;
				ENABLE_NS_ASSERTIONS = NO;
				ENABLE_STRICT_OBJC_MSGSEND = YES;
				GCC_C_LANGUAGE_STANDARD = gnu99;
				GCC_WARN_64_TO_32_BIT_CONVERSION = YES;
				GCC_WARN_ABOUT_RETURN_TYPE = YES_ERROR;
				GCC_WARN_UNDECLARED_SELECTOR = YES;
				GCC_WARN_UNINITIALIZED_AUTOS = YES_AGGRESSIVE;
				GCC_WARN_UNUSED_FUNCTION = YES;
				GCC_WARN_UNUSED_VARIABLE = YES;
				IPHONEOS_DEPLOYMENT_TARGET = 8.1;
				MTL_ENABLE_DEBUG_INFO = NO;
				SDKROOT = iphoneos;
				VALIDATE_PRODUCT = YES;
			};
			name = Release;
		};
		4EA09BF21A28FE9E00D2618B /* Debug */ = {
			isa = XCBuildConfiguration;
			buildSettings = {
				ASSETCATALOG_COMPILER_APPICON_NAME = AppIcon;
				INFOPLIST_FILE = EatSmart/Info.plist;
				LD_RUNPATH_SEARCH_PATHS = "$(inherited) @executable_path/Frameworks";
				LIBRARY_SEARCH_PATHS = (
					"$(inherited)",
					"$(PROJECT_DIR)/EatSmart/PayPalMobile",
					/Users/larissa/Desktop/Projects/runforit/runForIt/PayPalMobile,
				);
				OTHER_LDFLAGS = (
					"-lc++",
					"-ObjC",
				);
				PRODUCT_NAME = "$(TARGET_NAME)";
			};
			name = Debug;
		};
		4EA09BF31A28FE9E00D2618B /* Release */ = {
			isa = XCBuildConfiguration;
			buildSettings = {
				ASSETCATALOG_COMPILER_APPICON_NAME = AppIcon;
				INFOPLIST_FILE = EatSmart/Info.plist;
				LD_RUNPATH_SEARCH_PATHS = "$(inherited) @executable_path/Frameworks";
				LIBRARY_SEARCH_PATHS = (
					"$(inherited)",
					"$(PROJECT_DIR)/EatSmart/PayPalMobile",
					/Users/larissa/Desktop/Projects/runforit/runForIt/PayPalMobile,
				);
				OTHER_LDFLAGS = (
					"-lc++",
					"-ObjC",
				);
				PRODUCT_NAME = "$(TARGET_NAME)";
			};
			name = Release;
		};
		4EA09BF51A28FE9E00D2618B /* Debug */ = {
			isa = XCBuildConfiguration;
			buildSettings = {
				BUNDLE_LOADER = "$(TEST_HOST)";
				FRAMEWORK_SEARCH_PATHS = (
					"$(SDKROOT)/Developer/Library/Frameworks",
					"$(inherited)",
				);
				GCC_PREPROCESSOR_DEFINITIONS = (
					"DEBUG=1",
					"$(inherited)",
				);
				INFOPLIST_FILE = EatSmartTests/Info.plist;
				LD_RUNPATH_SEARCH_PATHS = "$(inherited) @executable_path/Frameworks @loader_path/Frameworks";
				PRODUCT_NAME = "$(TARGET_NAME)";
				TEST_HOST = "$(BUILT_PRODUCTS_DIR)/EatSmart.app/EatSmart";
			};
			name = Debug;
		};
		4EA09BF61A28FE9E00D2618B /* Release */ = {
			isa = XCBuildConfiguration;
			buildSettings = {
				BUNDLE_LOADER = "$(TEST_HOST)";
				FRAMEWORK_SEARCH_PATHS = (
					"$(SDKROOT)/Developer/Library/Frameworks",
					"$(inherited)",
				);
				INFOPLIST_FILE = EatSmartTests/Info.plist;
				LD_RUNPATH_SEARCH_PATHS = "$(inherited) @executable_path/Frameworks @loader_path/Frameworks";
				PRODUCT_NAME = "$(TARGET_NAME)";
				TEST_HOST = "$(BUILT_PRODUCTS_DIR)/EatSmart.app/EatSmart";
			};
			name = Release;
		};
/* End XCBuildConfiguration section */

/* Begin XCConfigurationList section */
		4EA09BC91A28FE9E00D2618B /* Build configuration list for PBXProject "EatSmart" */ = {
			isa = XCConfigurationList;
			buildConfigurations = (
				4EA09BEF1A28FE9E00D2618B /* Debug */,
				4EA09BF01A28FE9E00D2618B /* Release */,
			);
			defaultConfigurationIsVisible = 0;
			defaultConfigurationName = Release;
		};
		4EA09BF11A28FE9E00D2618B /* Build configuration list for PBXNativeTarget "EatSmart" */ = {
			isa = XCConfigurationList;
			buildConfigurations = (
				4EA09BF21A28FE9E00D2618B /* Debug */,
				4EA09BF31A28FE9E00D2618B /* Release */,
			);
			defaultConfigurationIsVisible = 0;
			defaultConfigurationName = Release;
		};
		4EA09BF41A28FE9E00D2618B /* Build configuration list for PBXNativeTarget "EatSmartTests" */ = {
			isa = XCConfigurationList;
			buildConfigurations = (
				4EA09BF51A28FE9E00D2618B /* Debug */,
				4EA09BF61A28FE9E00D2618B /* Release */,
			);
			defaultConfigurationIsVisible = 0;
			defaultConfigurationName = Release;
		};
/* End XCConfigurationList section */
	};
	rootObject = 4EA09BC61A28FE9E00D2618B /* Project object */;
}
